github.com/antlr4-go/antlr/v4 v4.13.1 h1:SqQKkuVZ+zDlbOcqkgRgM9/CEfRYLIz4SzPKm4Kj0/k=
github.com/antlr4-go/antlr/v4 v4.13.1/go.mod h1:GKmUxMtwp6ZgGwZSva4eWPC5mS6vUAmOABFgjdkM7Nw=
github.com/gorilla/mux v1.8.1 h1:TuBL49tXwgrFYWhqrNgrUNNY/KQ3XY9kq/7hIm9dJbY=
github.com/gorilla/mux v1.8.1/go.mod h1:AKf9I4AEqPTmMytcMc0KkNouC66V3BtZ4qD5fmWSiMQ=
golang.org/x/exp v0.0.0-20241108190413-2d47ceb2692f h1:17/zBKXKvF6r5f7iMxn2XCyMxdgF7WE5Uf3GpJIArQI=
golang.org/x/exp v0.0.0-20241108190413-2d47ceb2692f/go.mod h1:D5SMRVC3C2VdDsXb1N/wRDuBWX8APBP3vyCXUXw2j0k=